
Microsoft Visual Studio Solution File, Format Version 12.00
Project("{FAE04EC0-301F-11D3-BF4B-00C04F79EFBC}") = "Task_2", "Task_2\Task_2.csproj", "{7A7D38CE-0E83-4307-BF30-B31A83E8A29B}"
EndProject
Project("{FAE04EC0-301F-11D3-BF4B-00C04F79EFBC}") = "ConsoleApp1", "ConsoleApp1\ConsoleApp1.csproj", "{7AD31583-204A-4AEC-8B19-C5770C2C9F34}"
EndProject
Project("{FAE04EC0-301F-11D3-BF4B-00C04F79EFBC}") = "дз-4 задача-1", "дз-4 задача-1\дз-4 задача-1.csproj", "{5AF42974-7D52-4A34-9264-E5C3F618C29B}"
EndProject
Global
	GlobalSection(SolutionConfigurationPlatforms) = preSolution
		Debug|Any CPU = Debug|Any CPU
		Release|Any CPU = Release|Any CPU
	EndGlobalSection
	GlobalSection(ProjectConfigurationPlatforms) = postSolution
		{7A7D38CE-0E83-4307-BF30-B31A83E8A29B}.Debug|Any CPU.ActiveCfg = Debug|Any CPU
		{7A7D38CE-0E83-4307-BF30-B31A83E8A29B}.Debug|Any CPU.Build.0 = Debug|Any CPU
		{7A7D38CE-0E83-4307-BF30-B31A83E8A29B}.Release|Any CPU.ActiveCfg = Release|Any CPU
		{7A7D38CE-0E83-4307-BF30-B31A83E8A29B}.Release|Any CPU.Build.0 = Release|Any CPU
		{7AD31583-204A-4AEC-8B19-C5770C2C9F34}.Debug|Any CPU.ActiveCfg = Debug|Any CPU
		{7AD31583-204A-4AEC-8B19-C5770C2C9F34}.Debug|Any CPU.Build.0 = Debug|Any CPU
		{7AD31583-204A-4AEC-8B19-C5770C2C9F34}.Release|Any CPU.ActiveCfg = Release|Any CPU
		{7AD31583-204A-4AEC-8B19-C5770C2C9F34}.Release|Any CPU.Build.0 = Release|Any CPU
		{5AF42974-7D52-4A34-9264-E5C3F618C29B}.Debug|Any CPU.ActiveCfg = Debug|Any CPU
		{5AF42974-7D52-4A34-9264-E5C3F618C29B}.Debug|Any CPU.Build.0 = Debug|Any CPU
		{5AF42974-7D52-4A34-9264-E5C3F618C29B}.Release|Any CPU.ActiveCfg = Release|Any CPU
		{5AF42974-7D52-4A34-9264-E5C3F618C29B}.Release|Any CPU.Build.0 = Release|Any CPU
	EndGlobalSection
EndGlobal
